
Microsoft Visual Studio Solution File, Format Version 12.00
Project("{FAE04EC0-301F-11D3-BF4B-00C04F79EFBC}") = "Dapper.AspNetCore", ".\src\Dapper.AspNetCore.csproj", "{BAD00B18-6F73-4F84-9424-F74EE4344394}"
EndProject
Global
	GlobalSection(SolutionConfigurationPlatforms) = preSolution
		Debug|Any CPU = Debug|Any CPU
		Release|Any CPU = Release|Any CPU
	EndGlobalSection
	GlobalSection(ProjectConfigurationPlatforms) = postSolution
		{BAD00B18-6F73-4F84-9424-F74EE4344394}.Debug|Any CPU.ActiveCfg = Debug|Any CPU
		{BAD00B18-6F73-4F84-9424-F74EE4344394}.Debug|Any CPU.Build.0 = Debug|Any CPU
		{BAD00B18-6F73-4F84-9424-F74EE4344394}.Release|Any CPU.ActiveCfg = Release|Any CPU
		{BAD00B18-6F73-4F84-9424-F74EE4344394}.Release|Any CPU.Build.0 = Release|Any CPU
	EndGlobalSection
EndGlobal
